// !$*UTF8*$!
{
	archiveVersion = 1;
	classes = {
	};
	objectVersion = 48;
	objects = {

/* Begin PBXBuildFile section */
		ECC1A65E20265E2900DFB954 /* AppDelegate.swift in Sources */ = {isa = PBXBuildFile; fileRef = ECC1A65D20265E2900DFB954 /* AppDelegate.swift */; };
		ECC1A66020265E2900DFB954 /* ViewController.swift in Sources */ = {isa = PBXBuildFile; fileRef = ECC1A65F20265E2900DFB954 /* ViewController.swift */; };
		ECC1A66320265E2900DFB954 /* Main.storyboard in Resources */ = {isa = PBXBuildFile; fileRef = ECC1A66120265E2900DFB954 /* Main.storyboard */; };
		ECC1A66520265E2900DFB954 /* Assets.xcassets in Resources */ = {isa = PBXBuildFile; fileRef = ECC1A66420265E2900DFB954 /* Assets.xcassets */; };
		ECC1A66820265E2900DFB954 /* LaunchScreen.storyboard in Resources */ = {isa = PBXBuildFile; fileRef = ECC1A66620265E2900DFB954 /* LaunchScreen.storyboard */; };
		ECC1A67320265E2A00DFB954 /* TableViewTests.swift in Sources */ = {isa = PBXBuildFile; fileRef = ECC1A67220265E2A00DFB954 /* TableViewTests.swift */; };
		ECC1A67E20265E2A00DFB954 /* TableViewUITests.swift in Sources */ = {isa = PBXBuildFile; fileRef = ECC1A67D20265E2A00DFB954 /* TableViewUITests.swift */; };
/* End PBXBuildFile section */

/* Begin PBXContainerItemProxy section */
		ECC1A66F20265E2900DFB954 /* PBXContainerItemProxy */ = {
			isa = PBXContainerItemProxy;
			containerPortal = ECC1A65220265E2900DFB954 /* Project object */;
			proxyType = 1;
			remoteGlobalIDString = ECC1A65920265E2900DFB954;
			remoteInfo = TableView;
		};
		ECC1A67A20265E2A00DFB954 /* PBXContainerItemProxy */ = {
			isa = PBXContainerItemProxy;
			containerPortal = ECC1A65220265E2900DFB954 /* Project object */;
			proxyType = 1;
			remoteGlobalIDString = ECC1A65920265E2900DFB954;
			remoteInfo = TableView;
		};
/* End PBXContainerItemProxy section */

/* Begin PBXFileReference section */
		ECC1A65A20265E2900DFB954 /* TableView.app */ = {isa = PBXFileReference; explicitFileType = wrapper.application; includeInIndex = 0; path = TableView.app; sourceTree = BUILT_PRODUCTS_DIR; };
		ECC1A65D20265E2900DFB954 /* AppDelegate.swift */ = {isa = PBXFileReference; lastKnownFileType = sourcecode.swift; path = AppDelegate.swift; sourceTree = "<group>"; };
		ECC1A65F20265E2900DFB954 /* ViewController.swift */ = {isa = PBXFileReference; lastKnownFileType = sourcecode.swift; path = ViewController.swift; sourceTree = "<group>"; };
		ECC1A66220265E2900DFB954 /* Base */ = {isa = PBXFileReference; lastKnownFileType = file.storyboard; name = Base; path = Base.lproj/Main.storyboard; sourceTree = "<group>"; };
		ECC1A66420265E2900DFB954 /* Assets.xcassets */ = {isa = PBXFileReference; lastKnownFileType = folder.assetcatalog; path = Assets.xcassets; sourceTree = "<group>"; };
		ECC1A66720265E2900DFB954 /* Base */ = {isa = PBXFileReference; lastKnownFileType = file.storyboard; name = Base; path = Base.lproj/LaunchScreen.storyboard; sourceTree = "<group>"; };
		ECC1A66920265E2900DFB954 /* Info.plist */ = {isa = PBXFileReference; lastKnownFileType = text.plist.xml; path = Info.plist; sourceTree = "<group>"; };
		ECC1A66E20265E2900DFB954 /* TableViewTests.xctest */ = {isa = PBXFileReference; explicitFileType = wrapper.cfbundle; includeInIndex = 0; path = TableViewTests.xctest; sourceTree = BUILT_PRODUCTS_DIR; };
		ECC1A67220265E2A00DFB954 /* TableViewTests.swift */ = {isa = PBXFileReference; lastKnownFileType = sourcecode.swift; path = TableViewTests.swift; sourceTree = "<group>"; };
		ECC1A67420265E2A00DFB954 /* Info.plist */ = {isa = PBXFileReference; lastKnownFileType = text.plist.xml; path = Info.plist; sourceTree = "<group>"; };
		ECC1A67920265E2A00DFB954 /* TableViewUITests.xctest */ = {isa = PBXFileReference; explicitFileType = wrapper.cfbundle; includeInIndex = 0; path = TableViewUITests.xctest; sourceTree = BUILT_PRODUCTS_DIR; };
		ECC1A67D20265E2A00DFB954 /* TableViewUITests.swift */ = {isa = PBXFileReference; lastKnownFileType = sourcecode.swift; path = TableViewUITests.swift; sourceTree = "<group>"; };
		ECC1A67F20265E2A00DFB954 /* Info.plist */ = {isa = PBXFileReference; lastKnownFileType = text.plist.xml; path = Info.plist; sourceTree = "<group>"; };
/* End PBXFileReference section */

/* Begin PBXFrameworksBuildPhase section */
		ECC1A65720265E2900DFB954 /* Frameworks */ = {
			isa = PBXFrameworksBuildPhase;
			buildActionMask = 2147483647;
			files = (
			);
			runOnlyForDeploymentPostprocessing = 0;
		};
		ECC1A66B20265E2900DFB954 /* Frameworks */ = {
			isa = PBXFrameworksBuildPhase;
			buildActionMask = 2147483647;
			files = (
			);
			runOnlyForDeploymentPostprocessing = 0;
		};
		ECC1A67620265E2A00DFB954 /* Frameworks */ = {
			isa = PBXFrameworksBuildPhase;
			buildActionMask = 2147483647;
			files = (
			);
			runOnlyForDeploymentPostprocessing = 0;
		};
/* End PBXFrameworksBuildPhase section */

/* Begin PBXGroup section */
		ECC1A65120265E2900DFB954 = {
			isa = PBXGroup;
			children = (
				ECC1A65C20265E2900DFB954 /* TableView */,
				ECC1A67120265E2A00DFB954 /* TableViewTests */,
				ECC1A67C20265E2A00DFB954 /* TableViewUITests */,
				ECC1A65B20265E2900DFB954 /* Products */,
			);
			sourceTree = "<group>";
		};
		ECC1A65B20265E2900DFB954 /* Products */ = {
			isa = PBXGroup;
			children = (
				ECC1A65A20265E2900DFB954 /* TableView.app */,
				ECC1A66E20265E2900DFB954 /* TableViewTests.xctest */,
				ECC1A67920265E2A00DFB954 /* TableViewUITests.xctest */,
			);
			name = Products;
			sourceTree = "<group>";
		};
		ECC1A65C20265E2900DFB954 /* TableView */ = {
			isa = PBXGroup;
			children = (
				ECC1A65D20265E2900DFB954 /* AppDelegate.swift */,
				ECC1A65F20265E2900DFB954 /* ViewController.swift */,
				ECC1A66120265E2900DFB954 /* Main.storyboard */,
				ECC1A66420265E2900DFB954 /* Assets.xcassets */,
				ECC1A66620265E2900DFB954 /* LaunchScreen.storyboard */,
				ECC1A66920265E2900DFB954 /* Info.plist */,
			);
			path = TableView;
			sourceTree = "<group>";
		};
		ECC1A67120265E2A00DFB954 /* TableViewTests */ = {
			isa = PBXGroup;
			children = (
				ECC1A67220265E2A00DFB954 /* TableViewTests.swift */,
				ECC1A67420265E2A00DFB954 /* Info.plist */,
			);
			path = TableViewTests;
			sourceTree = "<group>";
		};
		ECC1A67C20265E2A00DFB954 /* TableViewUITests */ = {
			isa = PBXGroup;
			children = (
				ECC1A67D20265E2A00DFB954 /* TableViewUITests.swift */,
				ECC1A67F20265E2A00DFB954 /* Info.plist */,
			);
			path = TableViewUITests;
			sourceTree = "<group>";
		};
/* End PBXGroup section */

/* Begin PBXNativeTarget section */
		ECC1A65920265E2900DFB954 /* TableView */ = {
			isa = PBXNativeTarget;
			buildConfigurationList = ECC1A68220265E2A00DFB954 /* Build configuration list for PBXNativeTarget "TableView" */;
			buildPhases = (
				ECC1A65620265E2900DFB954 /* Sources */,
				ECC1A65720265E2900DFB954 /* Frameworks */,
				ECC1A65820265E2900DFB954 /* Resources */,
			);
			buildRules = (
			);
			dependencies = (
			);
			name = TableView;
			productName = TableView;
			productReference = ECC1A65A20265E2900DFB954 /* TableView.app */;
			productType = "com.apple.product-type.application";
		};
		ECC1A66D20265E2900DFB954 /* TableViewTests */ = {
			isa = PBXNativeTarget;
			buildConfigurationList = ECC1A68520265E2A00DFB954 /* Build configuration list for PBXNativeTarget "TableViewTests" */;
			buildPhases = (
				ECC1A66A20265E2900DFB954 /* Sources */,
				ECC1A66B20265E2900DFB954 /* Frameworks */,
				ECC1A66C20265E2900DFB954 /* Resources */,
			);
			buildRules = (
			);
			dependencies = (
				ECC1A67020265E2900DFB954 /* PBXTargetDependency */,
			);
			name = TableViewTests;
			productName = TableViewTests;
			productReference = ECC1A66E20265E2900DFB954 /* TableViewTests.xctest */;
			productType = "com.apple.product-type.bundle.unit-test";
		};
		ECC1A67820265E2A00DFB954 /* TableViewUITests */ = {
			isa = PBXNativeTarget;
			buildConfigurationList = ECC1A68820265E2A00DFB954 /* Build configuration list for PBXNativeTarget "TableViewUITests" */;
			buildPhases = (
				ECC1A67520265E2A00DFB954 /* Sources */,
				ECC1A67620265E2A00DFB954 /* Frameworks */,
				ECC1A67720265E2A00DFB954 /* Resources */,
			);
			buildRules = (
			);
			dependencies = (
				ECC1A67B20265E2A00DFB954 /* PBXTargetDependency */,
			);
			name = TableViewUITests;
			productName = TableViewUITests;
			productReference = ECC1A67920265E2A00DFB954 /* TableViewUITests.xctest */;
			productType = "com.apple.product-type.bundle.ui-testing";
		};
/* End PBXNativeTarget section */

/* Begin PBXProject section */
		ECC1A65220265E2900DFB954 /* Project object */ = {
			isa = PBXProject;
			attributes = {
				LastSwiftUpdateCheck = 0920;
				LastUpgradeCheck = 0920;
				ORGANIZATIONNAME = "Gary Hicks";
				TargetAttributes = {
					ECC1A65920265E2900DFB954 = {
						CreatedOnToolsVersion = 9.2;
						ProvisioningStyle = Automatic;
					};
					ECC1A66D20265E2900DFB954 = {
						CreatedOnToolsVersion = 9.2;
						ProvisioningStyle = Automatic;
						TestTargetID = ECC1A65920265E2900DFB954;
					};
					ECC1A67820265E2A00DFB954 = {
						CreatedOnToolsVersion = 9.2;
						ProvisioningStyle = Automatic;
						TestTargetID = ECC1A65920265E2900DFB954;
					};
				};
			};
			buildConfigurationList = ECC1A65520265E2900DFB954 /* Build configuration list for PBXProject "TableView" */;
			compatibilityVersion = "Xcode 8.0";
			developmentRegion = en;
			hasScannedForEncodings = 0;
			knownRegions = (
				en,
				Base,
			);
			mainGroup = ECC1A65120265E2900DFB954;
			productRefGroup = ECC1A65B20265E2900DFB954 /* Products */;
			projectDirPath = "";
			projectRoot = "";
			targets = (
				ECC1A65920265E2900DFB954 /* TableView */,
				ECC1A66D20265E2900DFB954 /* TableViewTests */,
				ECC1A67820265E2A00DFB954 /* TableViewUITests */,
			);
		};
/* End PBXProject section */

/* Begin PBXResourcesBuildPhase section */
		ECC1A65820265E2900DFB954 /* Resources */ = {
			isa = PBXResourcesBuildPhase;
			buildActionMask = 2147483647;
			files = (
				ECC1A66820265E2900DFB954 /* LaunchScreen.storyboard in Resources */,
				ECC1A66520265E2900DFB954 /* Assets.xcassets in Resources */,
				ECC1A66320265E2900DFB954 /* Main.storyboard in Resources */,
			);
			runOnlyForDeploymentPostprocessing = 0;
		};
		ECC1A66C20265E2900DFB954 /* Resources */ = {
			isa = PBXResourcesBuildPhase;
			buildActionMask = 2147483647;
			files = (
			);
			runOnlyForDeploymentPostprocessing = 0;
		};
		ECC1A67720265E2A00DFB954 /* Resources */ = {
			isa = PBXResourcesBuildPhase;
			buildActionMask = 2147483647;
			files = (
			);
			runOnlyForDeploymentPostprocessing = 0;
		};
/* End PBXResourcesBuildPhase section */

/* Begin PBXSourcesBuildPhase section */
		ECC1A65620265E2900DFB954 /* Sources */ = {
			isa = PBXSourcesBuildPhase;
			buildActionMask = 2147483647;
			files = (
				ECC1A66020265E2900DFB954 /* ViewController.swift in Sources */,
				ECC1A65E20265E2900DFB954 /* AppDelegate.swift in Sources */,
			);
			runOnlyForDeploymentPostprocessing = 0;
		};
		ECC1A66A20265E2900DFB954 /* Sources */ = {
			isa = PBXSourcesBuildPhase;
			buildActionMask = 2147483647;
			files = (
				ECC1A67320265E2A00DFB954 /* TableViewTests.swift in Sources */,
			);
			runOnlyForDeploymentPostprocessing = 0;
		};
		ECC1A67520265E2A00DFB954 /* Sources */ = {
			isa = PBXSourcesBuildPhase;
			buildActionMask = 2147483647;
			files = (
				ECC1A67E20265E2A00DFB954 /* TableViewUITests.swift in Sources */,
			);
			runOnlyForDeploymentPostprocessing = 0;
		};
/* End PBXSourcesBuildPhase section */

/* Begin PBXTargetDependency section */
		ECC1A67020265E2900DFB954 /* PBXTargetDependency */ = {
			isa = PBXTargetDependency;
			target = ECC1A65920265E2900DFB954 /* TableView */;
			targetProxy = ECC1A66F20265E2900DFB954 /* PBXContainerItemProxy */;
		};
		ECC1A67B20265E2A00DFB954 /* PBXTargetDependency */ = {
			isa = PBXTargetDependency;
			target = ECC1A65920265E2900DFB954 /* TableView */;
			targetProxy = ECC1A67A20265E2A00DFB954 /* PBXContainerItemProxy */;
		};
/* End PBXTargetDependency section */

/* Begin PBXVariantGroup section */
		ECC1A66120265E2900DFB954 /* Main.storyboard */ = {
			isa = PBXVariantGroup;
			children = (
				ECC1A66220265E2900DFB954 /* Base */,
			);
			name = Main.storyboard;
			sourceTree = "<group>";
		};
		ECC1A66620265E2900DFB954 /* LaunchScreen.storyboard */ = {
			isa = PBXVariantGroup;
			children = (
				ECC1A66720265E2900DFB954 /* Base */,
			);
			name = LaunchScreen.storyboard;
			sourceTree = "<group>";
		};
/* End PBXVariantGroup section */

/* Begin XCBuildConfiguration section */
		ECC1A68020265E2A00DFB954 /* Debug */ = {
			isa = XCBuildConfiguration;
			buildSettings = {
				ALWAYS_SEARCH_USER_PATHS = NO;
				CLANG_ANALYZER_NONNULL = YES;
				CLANG_ANALYZER_NUMBER_OBJECT_CONVERSION = YES_AGGRESSIVE;
				CLANG_CXX_LANGUAGE_STANDARD = "gnu++14";
				CLANG_CXX_LIBRARY = "libc++";
				CLANG_ENABLE_MODULES = YES;
				CLANG_ENABLE_OBJC_ARC = YES;
				CLANG_WARN_BLOCK_CAPTURE_AUTORELEASING = YES;
				CLANG_WARN_BOOL_CONVERSION = YES;
				CLANG_WARN_COMMA = YES;
				CLANG_WARN_CONSTANT_CONVERSION = YES;
				CLANG_WARN_DIRECT_OBJC_ISA_USAGE = YES_ERROR;
				CLANG_WARN_DOCUMENTATION_COMMENTS = YES;
				CLANG_WARN_EMPTY_BODY = YES;
				CLANG_WARN_ENUM_CONVERSION = YES;
				CLANG_WARN_INFINITE_RECURSION = YES;
				CLANG_WARN_INT_CONVERSION = YES;
				CLANG_WARN_NON_LITERAL_NULL_CONVERSION = YES;
				CLANG_WARN_OBJC_LITERAL_CONVERSION = YES;
				CLANG_WARN_OBJC_ROOT_CLASS = YES_ERROR;
				CLANG_WARN_RANGE_LOOP_ANALYSIS = YES;
				CLANG_WARN_STRICT_PROTOTYPES = YES;
				CLANG_WARN_SUSPICIOUS_MOVE = YES;
				CLANG_WARN_UNGUARDED_AVAILABILITY = YES_AGGRESSIVE;
				CLANG_WARN_UNREACHABLE_CODE = YES;
				CLANG_WARN__DUPLICATE_METHOD_MATCH = YES;
				CODE_SIGN_IDENTITY = "iPhone Developer";
				COPY_PHASE_STRIP = NO;
				DEBUG_INFORMATION_FORMAT = dwarf;
				ENABLE_STRICT_OBJC_MSGSEND = YES;
				ENABLE_TESTABILITY = YES;
				GCC_C_LANGUAGE_STANDARD = gnu11;
				GCC_DYNAMIC_NO_PIC = NO;
				GCC_NO_COMMON_BLOCKS = YES;
				GCC_OPTIMIZATION_LEVEL = 0;
				GCC_PREPROCESSOR_DEFINITIONS = (
					"DEBUG=1",
					"$(inherited)",
				);
				GCC_WARN_64_TO_32_BIT_CONVERSION = YES;
				GCC_WARN_ABOUT_RETURN_TYPE = YES_ERROR;
				GCC_WARN_UNDECLARED_SELECTOR = YES;
				GCC_WARN_UNINITIALIZED_AUTOS = YES_AGGRESSIVE;
				GCC_WARN_UNUSED_FUNCTION = YES;
				GCC_WARN_UNUSED_VARIABLE = YES;
				IPHONEOS_DEPLOYMENT_TARGET = 11.2;
				MTL_ENABLE_DEBUG_INFO = YES;
				ONLY_ACTIVE_ARCH = YES;
				SDKROOT = iphoneos;
				SWIFT_ACTIVE_COMPILATION_CONDITIONS = DEBUG;
				SWIFT_OPTIMIZATION_LEVEL = "-Onone";
			};
			name = Debug;
		};
		ECC1A68120265E2A00DFB954 /* Release */ = {
			isa = XCBuildConfiguration;
			buildSettings = {
				ALWAYS_SEARCH_USER_PATHS = NO;
				CLANG_ANALYZER_NONNULL = YES;
				CLANG_ANALYZER_NUMBER_OBJECT_CONVERSION = YES_AGGRESSIVE;
				CLANG_CXX_LANGUAGE_STANDARD = "gnu++14";
				CLANG_CXX_LIBRARY = "libc++";
				CLANG_ENABLE_MODULES = YES;
				CLANG_ENABLE_OBJC_ARC = YES;
				CLANG_WARN_BLOCK_CAPTURE_AUTORELEASING = YES;
				CLANG_WARN_BOOL_CONVERSION = YES;
				CLANG_WARN_COMMA = YES;
				CLANG_WARN_CONSTANT_CONVERSION = YES;
				CLANG_WARN_DIRECT_OBJC_ISA_USAGE = YES_ERROR;
				CLANG_WARN_DOCUMENTATION_COMMENTS = YES;
				CLANG_WARN_EMPTY_BODY = YES;
				CLANG_WARN_ENUM_CONVERSION = YES;
				CLANG_WARN_INFINITE_RECURSION = YES;
				CLANG_WARN_INT_CONVERSION = YES;
				CLANG_WARN_NON_LITERAL_NULL_CONVERSION = YES;
				CLANG_WARN_OBJC_LITERAL_CONVERSION = YES;
				CLANG_WARN_OBJC_ROOT_CLASS = YES_ERROR;
				CLANG_WARN_RANGE_LOOP_ANALYSIS = YES;
				CLANG_WARN_STRICT_PROTOTYPES = YES;
				CLANG_WARN_SUSPICIOUS_MOVE = YES;
				CLANG_WARN_UNGUARDED_AVAILABILITY = YES_AGGRESSIVE;
				CLANG_WARN_UNREACHABLE_CODE = YES;
				CLANG_WARN__DUPLICATE_METHOD_MATCH = YES;
				CODE_SIGN_IDENTITY = "iPhone Developer";
				COPY_PHASE_STRIP = NO;
				DEBUG_INFORMATION_FORMAT = "dwarf-with-dsym";
				ENABLE_NS_ASSERTIONS = NO;
				ENABLE_STRICT_OBJC_MSGSEND = YES;
				GCC_C_LANGUAGE_STANDARD = gnu11;
				GCC_NO_COMMON_BLOCKS = YES;
				GCC_WARN_64_TO_32_BIT_CONVERSION = YES;
				GCC_WARN_ABOUT_RETURN_TYPE = YES_ERROR;
				GCC_WARN_UNDECLARED_SELECTOR = YES;
				GCC_WARN_UNINITIALIZED_AUTOS = YES_AGGRESSIVE;
				GCC_WARN_UNUSED_FUNCTION = YES;
				GCC_WARN_UNUSED_VARIABLE = YES;
				IPHONEOS_DEPLOYMENT_TARGET = 11.2;
				MTL_ENABLE_DEBUG_INFO = NO;
				SDKROOT = iphoneos;
				SWIFT_OPTIMIZATION_LEVEL = "-Owholemodule";
				VALIDATE_PRODUCT = YES;
			};
			name = Release;
		};
		ECC1A68320265E2A00DFB954 /* Debug */ = {
			isa = XCBuildConfiguration;
			buildSettings = {
				ASSETCATALOG_COMPILER_APPICON_NAME = AppIcon;
				CODE_SIGN_STYLE = Automatic;
				INFOPLIST_FILE = TableView/Info.plist;
				LD_RUNPATH_SEARCH_PATHS = "$(inherited) @executable_path/Frameworks";
				PRODUCT_BUNDLE_IDENTIFIER = garyhicks.TableView;
				PRODUCT_NAME = "$(TARGET_NAME)";
				SWIFT_VERSION = 4.0;
				TARGETED_DEVICE_FAMILY = "1,2";
			};
			name = Debug;
		};
		ECC1A68420265E2A00DFB954 /* Release */ = {
			isa = XCBuildConfiguration;
			buildSettings = {
				ASSETCATALOG_COMPILER_APPICON_NAME = AppIcon;
				CODE_SIGN_STYLE = Automatic;
				INFOPLIST_FILE = TableView/Info.plist;
				LD_RUNPATH_SEARCH_PATHS = "$(inherited) @executable_path/Frameworks";
				PRODUCT_BUNDLE_IDENTIFIER = garyhicks.TableView;
				PRODUCT_NAME = "$(TARGET_NAME)";
				SWIFT_VERSION = 4.0;
				TARGETED_DEVICE_FAMILY = "1,2";
			};
			name = Release;
		};
		ECC1A68620265E2A00DFB954 /* Debug */ = {
			isa = XCBuildConfiguration;
			buildSettings = {
				ALWAYS_EMBED_SWIFT_STANDARD_LIBRARIES = YES;
				BUNDLE_LOADER = "$(TEST_HOST)";
				CODE_SIGN_STYLE = Automatic;
				INFOPLIST_FILE = TableViewTests/Info.plist;
				LD_RUNPATH_SEARCH_PATHS = "$(inherited) @executable_path/Frameworks @loader_path/Frameworks";
				PRODUCT_BUNDLE_IDENTIFIER = garyhicks.TableViewTests;
				PRODUCT_NAME = "$(TARGET_NAME)";
				SWIFT_VERSION = 4.0;
				TARGETED_DEVICE_FAMILY = "1,2";
				TEST_HOST = "$(BUILT_PRODUCTS_DIR)/TableView.app/TableView";
			};
			name = Debug;
		};
		ECC1A68720265E2A00DFB954 /* Release */ = {
			isa = XCBuildConfiguration;
			buildSettings = {
				ALWAYS_EMBED_SWIFT_STANDARD_LIBRARIES = YES;
				BUNDLE_LOADER = "$(TEST_HOST)";
				CODE_SIGN_STYLE = Automatic;
				INFOPLIST_FILE = TableViewTests/Info.plist;
				LD_RUNPATH_SEARCH_PATHS = "$(inherited) @executable_path/Frameworks @loader_path/Frameworks";
				PRODUCT_BUNDLE_IDENTIFIER = garyhicks.TableViewTests;
				PRODUCT_NAME = "$(TARGET_NAME)";
				SWIFT_VERSION = 4.0;
				TARGETED_DEVICE_FAMILY = "1,2";
				TEST_HOST = "$(BUILT_PRODUCTS_DIR)/TableView.app/TableView";
			};
			name = Release;
		};
		ECC1A68920265E2A00DFB954 /* Debug */ = {
			isa = XCBuildConfiguration;
			buildSettings = {
				ALWAYS_EMBED_SWIFT_STANDARD_LIBRARIES = YES;
				CODE_SIGN_STYLE = Automatic;
				INFOPLIST_FILE = TableViewUITests/Info.plist;
				LD_RUNPATH_SEARCH_PATHS = "$(inherited) @executable_path/Frameworks @loader_path/Frameworks";
				PRODUCT_BUNDLE_IDENTIFIER = garyhicks.TableViewUITests;
				PRODUCT_NAME = "$(TARGET_NAME)";
				SWIFT_VERSION = 4.0;
				TARGETED_DEVICE_FAMILY = "1,2";
				TEST_TARGET_NAME = TableView;
			};
			name = Debug;
		};
		ECC1A68A20265E2A00DFB954 /* Release */ = {
			isa = XCBuildConfiguration;
			buildSettings = {
				ALWAYS_EMBED_SWIFT_STANDARD_LIBRARIES = YES;
				CODE_SIGN_STYLE = Automatic;
				INFOPLIST_FILE = TableViewUITests/Info.plist;
				LD_RUNPATH_SEARCH_PATHS = "$(inherited) @executable_path/Frameworks @loader_path/Frameworks";
				PRODUCT_BUNDLE_IDENTIFIER = garyhicks.TableViewUITests;
				PRODUCT_NAME = "$(TARGET_NAME)";
				SWIFT_VERSION = 4.0;
				TARGETED_DEVICE_FAMILY = "1,2";
				TEST_TARGET_NAME = TableView;
			};
			name = Release;
		};
/* End XCBuildConfiguration section */

/* Begin XCConfigurationList section */
		ECC1A65520265E2900DFB954 /* Build configuration list for PBXProject "TableView" */ = {
			isa = XCConfigurationList;
			buildConfigurations = (
				ECC1A68020265E2A00DFB954 /* Debug */,
				ECC1A68120265E2A00DFB954 /* Release */,
			);
			defaultConfigurationIsVisible = 0;
			defaultConfigurationName = Release;
		};
		ECC1A68220265E2A00DFB954 /* Build configuration list for PBXNativeTarget "TableView" */ = {
			isa = XCConfigurationList;
			buildConfigurations = (
				ECC1A68320265E2A00DFB954 /* Debug */,
				ECC1A68420265E2A00DFB954 /* Release */,
			);
			defaultConfigurationIsVisible = 0;
			defaultConfigurationName = Release;
		};
		ECC1A68520265E2A00DFB954 /* Build configuration list for PBXNativeTarget "TableViewTests" */ = {
			isa = XCConfigurationList;
			buildConfigurations = (
				ECC1A68620265E2A00DFB954 /* Debug */,
				ECC1A68720265E2A00DFB954 /* Release */,
			);
			defaultConfigurationIsVisible = 0;
			defaultConfigurationName = Release;
		};
		ECC1A68820265E2A00DFB954 /* Build configuration list for PBXNativeTarget "TableViewUITests" */ = {
			isa = XCConfigurationList;
			buildConfigurations = (
				ECC1A68920265E2A00DFB954 /* Debug */,
				ECC1A68A20265E2A00DFB954 /* Release */,
			);
			defaultConfigurationIsVisible = 0;
			defaultConfigurationName = Release;
		};
/* End XCConfigurationList section */
	};
	rootObject = ECC1A65220265E2900DFB954 /* Project object */;
}
